
Microsoft Visual Studio Solution File, Format Version 12.00
# Visual Studio Version 17
VisualStudioVersion = 17.14.36408.4 d17.14
MinimumVisualStudioVersion = 10.0.40219.1
Project("{FAE04EC0-301F-11D3-BF4B-00C04F79EFBC}") = "AdvancedSession4", "AdvancedSession4\AdvancedSession4.csproj", "{3F19F59B-0ABE-4A27-B436-ABE2C7D7BC87}"
EndProject
Global
	GlobalSection(SolutionConfigurationPlatforms) = preSolution
		Debug|Any CPU = Debug|Any CPU
		Release|Any CPU = Release|Any CPU
	EndGlobalSection
	GlobalSection(ProjectConfigurationPlatforms) = postSolution
		{3F19F59B-0ABE-4A27-B436-ABE2C7D7BC87}.Debug|Any CPU.ActiveCfg = Debug|Any CPU
		{3F19F59B-0ABE-4A27-B436-ABE2C7D7BC87}.Debug|Any CPU.Build.0 = Debug|Any CPU
		{3F19F59B-0ABE-4A27-B436-ABE2C7D7BC87}.Release|Any CPU.ActiveCfg = Release|Any CPU
		{3F19F59B-0ABE-4A27-B436-ABE2C7D7BC87}.Release|Any CPU.Build.0 = Release|Any CPU
	EndGlobalSection
	GlobalSection(SolutionProperties) = preSolution
		HideSolutionNode = FALSE
	EndGlobalSection
	GlobalSection(ExtensibilityGlobals) = postSolution
		SolutionGuid = {EA454A77-41E5-4CA8-BE6A-4EE655B8614B}
	EndGlobalSection
EndGlobal
